
Microsoft Visual Studio Solution File, Format Version 12.00
# Visual Studio Version 16
VisualStudioVersion = 16.0.30330.147
MinimumVisualStudioVersion = 10.0.40219.1
Project("{FAE04EC0-301F-11D3-BF4B-00C04F79EFBC}") = "LiveStream", "LiveStream\LiveStream.csproj", "{4624095C-C336-4DD1-9B0C-AC89BA5D596A}"
EndProject
Global
	GlobalSection(SolutionConfigurationPlatforms) = preSolution
		Debug|Any CPU = Debug|Any CPU
		Release|Any CPU = Release|Any CPU
	EndGlobalSection
	GlobalSection(ProjectConfigurationPlatforms) = postSolution
		{4624095C-C336-4DD1-9B0C-AC89BA5D596A}.Debug|Any CPU.ActiveCfg = Debug|Any CPU
		{4624095C-C336-4DD1-9B0C-AC89BA5D596A}.Debug|Any CPU.Build.0 = Debug|Any CPU
		{4624095C-C336-4DD1-9B0C-AC89BA5D596A}.Release|Any CPU.ActiveCfg = Release|Any CPU
		{4624095C-C336-4DD1-9B0C-AC89BA5D596A}.Release|Any CPU.Build.0 = Release|Any CPU
	EndGlobalSection
	GlobalSection(SolutionProperties) = preSolution
		HideSolutionNode = FALSE
	EndGlobalSection
	GlobalSection(ExtensibilityGlobals) = postSolution
		SolutionGuid = {856FC282-78B7-422C-8DC1-A08DC7CC1BB6}
	EndGlobalSection
EndGlobal
